
Microsoft Visual Studio Solution File, Format Version 12.00
# Visual Studio Version 17
VisualStudioVersion = 17.7.34003.232
MinimumVisualStudioVersion = 10.0.40219.1
Project("{FAE04EC0-301F-11D3-BF4B-00C04F79EFBC}") = "1", "1\1.csproj", "{B3BC180D-6002-41A4-A0D3-6EBDD0373D16}"
EndProject
Global
	GlobalSection(SolutionConfigurationPlatforms) = preSolution
		Debug|Any CPU = Debug|Any CPU
		Release|Any CPU = Release|Any CPU
	EndGlobalSection
	GlobalSection(ProjectConfigurationPlatforms) = postSolution
		{B3BC180D-6002-41A4-A0D3-6EBDD0373D16}.Debug|Any CPU.ActiveCfg = Debug|Any CPU
		{B3BC180D-6002-41A4-A0D3-6EBDD0373D16}.Debug|Any CPU.Build.0 = Debug|Any CPU
		{B3BC180D-6002-41A4-A0D3-6EBDD0373D16}.Release|Any CPU.ActiveCfg = Release|Any CPU
		{B3BC180D-6002-41A4-A0D3-6EBDD0373D16}.Release|Any CPU.Build.0 = Release|Any CPU
	EndGlobalSection
	GlobalSection(SolutionProperties) = preSolution
		HideSolutionNode = FALSE
	EndGlobalSection
	GlobalSection(ExtensibilityGlobals) = postSolution
		SolutionGuid = {DDBCB284-AF8C-4EF2-8CE9-0F99ADCFE4CE}
	EndGlobalSection
EndGlobal
