
Microsoft Visual Studio Solution File, Format Version 12.00
# Visual Studio Version 17
VisualStudioVersion = 17.7.34003.232
MinimumVisualStudioVersion = 10.0.40219.1
Project("{9A19103F-16F7-4668-BE54-9A1E7A4F7556}") = "1", "1\1.csproj", "{B3BC180D-6002-41A4-A0D3-6EBDD0373D16}"
EndProject
Project("{9A19103F-16F7-4668-BE54-9A1E7A4F7556}") = "2", "2\2.csproj", "{E19FBB1B-9236-4FCF-AF82-BA6F851523C9}"
EndProject
Project("{9A19103F-16F7-4668-BE54-9A1E7A4F7556}") = "3", "3\3.csproj", "{4C8479F4-77AC-4A81-B615-0151AA8DB7BF}"
EndProject
Project("{9A19103F-16F7-4668-BE54-9A1E7A4F7556}") = "4", "4\4.csproj", "{AC9ABB7C-B8C4-4AEB-B41D-F906FD72AF23}"
EndProject
Project("{9A19103F-16F7-4668-BE54-9A1E7A4F7556}") = "5", "5\5.csproj", "{45D5C340-4FD4-4894-9281-E71C727AA0FE}"
EndProject
Project("{9A19103F-16F7-4668-BE54-9A1E7A4F7556}") = "6", "6\6.csproj", "{89895106-B061-4819-A6FE-F834EF005AE2}"
EndProject
Project("{9A19103F-16F7-4668-BE54-9A1E7A4F7556}") = "7", "7\7.csproj", "{1FF401E2-4861-401A-8A56-326F1FA56EA5}"
EndProject
Project("{9A19103F-16F7-4668-BE54-9A1E7A4F7556}") = "8", "8\8.csproj", "{A19C61DA-676D-46B6-B263-BAD76F460988}"
EndProject
Project("{9A19103F-16F7-4668-BE54-9A1E7A4F7556}") = "9", "9\9.csproj", "{E6707E88-E5FE-44A4-A2E1-AC1D24C8435A}"
EndProject
Project("{9A19103F-16F7-4668-BE54-9A1E7A4F7556}") = "10", "10\10.csproj", "{3E01229F-0E9D-46C3-B3D3-8EE9F82D470F}"
EndProject
Project("{9A19103F-16F7-4668-BE54-9A1E7A4F7556}") = "11", "11\11.csproj", "{97C67189-7B97-43E0-9E6D-00FED8A6E26B}"
EndProject
Project("{FAE04EC0-301F-11D3-BF4B-00C04F79EFBC}") = "12", "12\12.csproj", "{7ABD8530-576C-443B-A535-FAB25A063804}"
EndProject
Global
	GlobalSection(SolutionConfigurationPlatforms) = preSolution
		Debug|Any CPU = Debug|Any CPU
		Release|Any CPU = Release|Any CPU
	EndGlobalSection
	GlobalSection(ProjectConfigurationPlatforms) = postSolution
		{B3BC180D-6002-41A4-A0D3-6EBDD0373D16}.Debug|Any CPU.ActiveCfg = Debug|Any CPU
		{B3BC180D-6002-41A4-A0D3-6EBDD0373D16}.Debug|Any CPU.Build.0 = Debug|Any CPU
		{B3BC180D-6002-41A4-A0D3-6EBDD0373D16}.Release|Any CPU.ActiveCfg = Release|Any CPU
		{B3BC180D-6002-41A4-A0D3-6EBDD0373D16}.Release|Any CPU.Build.0 = Release|Any CPU
		{E19FBB1B-9236-4FCF-AF82-BA6F851523C9}.Debug|Any CPU.ActiveCfg = Debug|Any CPU
		{E19FBB1B-9236-4FCF-AF82-BA6F851523C9}.Debug|Any CPU.Build.0 = Debug|Any CPU
		{E19FBB1B-9236-4FCF-AF82-BA6F851523C9}.Release|Any CPU.ActiveCfg = Release|Any CPU
		{E19FBB1B-9236-4FCF-AF82-BA6F851523C9}.Release|Any CPU.Build.0 = Release|Any CPU
		{4C8479F4-77AC-4A81-B615-0151AA8DB7BF}.Debug|Any CPU.ActiveCfg = Debug|Any CPU
		{4C8479F4-77AC-4A81-B615-0151AA8DB7BF}.Debug|Any CPU.Build.0 = Debug|Any CPU
		{4C8479F4-77AC-4A81-B615-0151AA8DB7BF}.Release|Any CPU.ActiveCfg = Release|Any CPU
		{4C8479F4-77AC-4A81-B615-0151AA8DB7BF}.Release|Any CPU.Build.0 = Release|Any CPU
		{AC9ABB7C-B8C4-4AEB-B41D-F906FD72AF23}.Debug|Any CPU.ActiveCfg = Debug|Any CPU
		{AC9ABB7C-B8C4-4AEB-B41D-F906FD72AF23}.Debug|Any CPU.Build.0 = Debug|Any CPU
		{AC9ABB7C-B8C4-4AEB-B41D-F906FD72AF23}.Release|Any CPU.ActiveCfg = Release|Any CPU
		{AC9ABB7C-B8C4-4AEB-B41D-F906FD72AF23}.Release|Any CPU.Build.0 = Release|Any CPU
		{45D5C340-4FD4-4894-9281-E71C727AA0FE}.Debug|Any CPU.ActiveCfg = Debug|Any CPU
		{45D5C340-4FD4-4894-9281-E71C727AA0FE}.Debug|Any CPU.Build.0 = Debug|Any CPU
		{45D5C340-4FD4-4894-9281-E71C727AA0FE}.Release|Any CPU.ActiveCfg = Release|Any CPU
		{45D5C340-4FD4-4894-9281-E71C727AA0FE}.Release|Any CPU.Build.0 = Release|Any CPU
		{89895106-B061-4819-A6FE-F834EF005AE2}.Debug|Any CPU.ActiveCfg = Debug|Any CPU
		{89895106-B061-4819-A6FE-F834EF005AE2}.Debug|Any CPU.Build.0 = Debug|Any CPU
		{89895106-B061-4819-A6FE-F834EF005AE2}.Release|Any CPU.ActiveCfg = Release|Any CPU
		{89895106-B061-4819-A6FE-F834EF005AE2}.Release|Any CPU.Build.0 = Release|Any CPU
		{1FF401E2-4861-401A-8A56-326F1FA56EA5}.Debug|Any CPU.ActiveCfg = Debug|Any CPU
		{1FF401E2-4861-401A-8A56-326F1FA56EA5}.Debug|Any CPU.Build.0 = Debug|Any CPU
		{1FF401E2-4861-401A-8A56-326F1FA56EA5}.Release|Any CPU.ActiveCfg = Release|Any CPU
		{1FF401E2-4861-401A-8A56-326F1FA56EA5}.Release|Any CPU.Build.0 = Release|Any CPU
		{A19C61DA-676D-46B6-B263-BAD76F460988}.Debug|Any CPU.ActiveCfg = Debug|Any CPU
		{A19C61DA-676D-46B6-B263-BAD76F460988}.Debug|Any CPU.Build.0 = Debug|Any CPU
		{A19C61DA-676D-46B6-B263-BAD76F460988}.Release|Any CPU.ActiveCfg = Release|Any CPU
		{A19C61DA-676D-46B6-B263-BAD76F460988}.Release|Any CPU.Build.0 = Release|Any CPU
		{E6707E88-E5FE-44A4-A2E1-AC1D24C8435A}.Debug|Any CPU.ActiveCfg = Debug|Any CPU
		{E6707E88-E5FE-44A4-A2E1-AC1D24C8435A}.Debug|Any CPU.Build.0 = Debug|Any CPU
		{E6707E88-E5FE-44A4-A2E1-AC1D24C8435A}.Release|Any CPU.ActiveCfg = Release|Any CPU
		{E6707E88-E5FE-44A4-A2E1-AC1D24C8435A}.Release|Any CPU.Build.0 = Release|Any CPU
		{3E01229F-0E9D-46C3-B3D3-8EE9F82D470F}.Debug|Any CPU.ActiveCfg = Debug|Any CPU
		{3E01229F-0E9D-46C3-B3D3-8EE9F82D470F}.Debug|Any CPU.Build.0 = Debug|Any CPU
		{3E01229F-0E9D-46C3-B3D3-8EE9F82D470F}.Release|Any CPU.ActiveCfg = Release|Any CPU
		{3E01229F-0E9D-46C3-B3D3-8EE9F82D470F}.Release|Any CPU.Build.0 = Release|Any CPU
		{97C67189-7B97-43E0-9E6D-00FED8A6E26B}.Debug|Any CPU.ActiveCfg = Debug|Any CPU
		{97C67189-7B97-43E0-9E6D-00FED8A6E26B}.Debug|Any CPU.Build.0 = Debug|Any CPU
		{97C67189-7B97-43E0-9E6D-00FED8A6E26B}.Release|Any CPU.ActiveCfg = Release|Any CPU
		{97C67189-7B97-43E0-9E6D-00FED8A6E26B}.Release|Any CPU.Build.0 = Release|Any CPU
		{7ABD8530-576C-443B-A535-FAB25A063804}.Debug|Any CPU.ActiveCfg = Debug|Any CPU
		{7ABD8530-576C-443B-A535-FAB25A063804}.Debug|Any CPU.Build.0 = Debug|Any CPU
		{7ABD8530-576C-443B-A535-FAB25A063804}.Release|Any CPU.ActiveCfg = Release|Any CPU
		{7ABD8530-576C-443B-A535-FAB25A063804}.Release|Any CPU.Build.0 = Release|Any CPU
	EndGlobalSection
	GlobalSection(SolutionProperties) = preSolution
		HideSolutionNode = FALSE
	EndGlobalSection
	GlobalSection(ExtensibilityGlobals) = postSolution
		SolutionGuid = {DDBCB284-AF8C-4EF2-8CE9-0F99ADCFE4CE}
	EndGlobalSection
EndGlobal
